// !$*UTF8*$!
{
	archiveVersion = 1;
	classes = {
	};
	objectVersion = 56;
	objects = {

/* Begin PBXBuildFile section */
		6A1D29672C1C6E80005E5932 /* AppMain.swift in Sources */ = {isa = PBXBuildFile; fileRef = 6A1D29662C1C6E80005E5932 /* AppMain.swift */; };
		6A1D29692C1C6E80005E5932 /* ContentView.swift in Sources */ = {isa = PBXBuildFile; fileRef = 6A1D29682C1C6E80005E5932 /* ContentView.swift */; };
		6A1D296B2C1C6E81005E5932 /* Assets.xcassets in Resources */ = {isa = PBXBuildFile; fileRef = 6A1D296A2C1C6E81005E5932 /* Assets.xcassets */; };
		6A1D296F2C1C6E81005E5932 /* Preview Assets.xcassets in Resources */ = {isa = PBXBuildFile; fileRef = 6A1D296E2C1C6E81005E5932 /* Preview Assets.xcassets */; };
		6A1D29772C1C6F35005E5932 /* CredentialsView.swift in Sources */ = {isa = PBXBuildFile; fileRef = 6A1D29762C1C6F35005E5932 /* CredentialsView.swift */; };
		6A1D29792C1C7007005E5932 /* DevicesView.swift in Sources */ = {isa = PBXBuildFile; fileRef = 6A1D29782C1C7007005E5932 /* DevicesView.swift */; };
		6A1D297C2C1C72C3005E5932 /* BlueIDAccessSDK in Frameworks */ = {isa = PBXBuildFile; productRef = 6A1D297B2C1C72C3005E5932 /* BlueIDAccessSDK */; };
		6A1D297E2C1C78DA005E5932 /* AppDelegate.swift in Sources */ = {isa = PBXBuildFile; fileRef = 6A1D297D2C1C78DA005E5932 /* AppDelegate.swift */; };
		6A1D29802C1C7946005E5932 /* SceneDelegate.swift in Sources */ = {isa = PBXBuildFile; fileRef = 6A1D297F2C1C7946005E5932 /* SceneDelegate.swift */; };
		6A1D29842C1C8367005E5932 /* Device.swift in Sources */ = {isa = PBXBuildFile; fileRef = 6A1D29832C1C8367005E5932 /* Device.swift */; };
		6A1D29862C1C8398005E5932 /* Devices.swift in Sources */ = {isa = PBXBuildFile; fileRef = 6A1D29852C1C8398005E5932 /* Devices.swift */; };
		6A1D29882C1C842D005E5932 /* Credential.swift in Sources */ = {isa = PBXBuildFile; fileRef = 6A1D29872C1C842D005E5932 /* Credential.swift */; };
/* End PBXBuildFile section */

/* Begin PBXFileReference section */
		6A1D29632C1C6E80005E5932 /* swiftsample.app */ = {isa = PBXFileReference; explicitFileType = wrapper.application; includeInIndex = 0; path = swiftsample.app; sourceTree = BUILT_PRODUCTS_DIR; };
		6A1D29662C1C6E80005E5932 /* AppMain.swift */ = {isa = PBXFileReference; lastKnownFileType = sourcecode.swift; path = AppMain.swift; sourceTree = "<group>"; };
		6A1D29682C1C6E80005E5932 /* ContentView.swift */ = {isa = PBXFileReference; lastKnownFileType = sourcecode.swift; path = ContentView.swift; sourceTree = "<group>"; };
		6A1D296A2C1C6E81005E5932 /* Assets.xcassets */ = {isa = PBXFileReference; lastKnownFileType = folder.assetcatalog; path = Assets.xcassets; sourceTree = "<group>"; };
		6A1D296C2C1C6E81005E5932 /* swiftsample.entitlements */ = {isa = PBXFileReference; lastKnownFileType = text.plist.entitlements; path = swiftsample.entitlements; sourceTree = "<group>"; };
		6A1D296E2C1C6E81005E5932 /* Preview Assets.xcassets */ = {isa = PBXFileReference; lastKnownFileType = folder.assetcatalog; path = "Preview Assets.xcassets"; sourceTree = "<group>"; };
		6A1D29762C1C6F35005E5932 /* CredentialsView.swift */ = {isa = PBXFileReference; lastKnownFileType = sourcecode.swift; path = CredentialsView.swift; sourceTree = "<group>"; };
		6A1D29782C1C7007005E5932 /* DevicesView.swift */ = {isa = PBXFileReference; lastKnownFileType = sourcecode.swift; path = DevicesView.swift; sourceTree = "<group>"; };
		6A1D297D2C1C78DA005E5932 /* AppDelegate.swift */ = {isa = PBXFileReference; lastKnownFileType = sourcecode.swift; path = AppDelegate.swift; sourceTree = "<group>"; };
		6A1D297F2C1C7946005E5932 /* SceneDelegate.swift */ = {isa = PBXFileReference; lastKnownFileType = sourcecode.swift; path = SceneDelegate.swift; sourceTree = "<group>"; };
		6A1D29812C1C7C43005E5932 /* Info.plist */ = {isa = PBXFileReference; lastKnownFileType = text.plist; path = Info.plist; sourceTree = "<group>"; };
		6A1D29832C1C8367005E5932 /* Device.swift */ = {isa = PBXFileReference; lastKnownFileType = sourcecode.swift; path = Device.swift; sourceTree = "<group>"; };
		6A1D29852C1C8398005E5932 /* Devices.swift */ = {isa = PBXFileReference; lastKnownFileType = sourcecode.swift; path = Devices.swift; sourceTree = "<group>"; };
		6A1D29872C1C842D005E5932 /* Credential.swift */ = {isa = PBXFileReference; lastKnownFileType = sourcecode.swift; path = Credential.swift; sourceTree = "<group>"; };
/* End PBXFileReference section */

/* Begin PBXFrameworksBuildPhase section */
		6A1D29602C1C6E80005E5932 /* Frameworks */ = {
			isa = PBXFrameworksBuildPhase;
			buildActionMask = 2147483647;
			files = (
				6A1D297C2C1C72C3005E5932 /* BlueIDAccessSDK in Frameworks */,
			);
			runOnlyForDeploymentPostprocessing = 0;
		};
/* End PBXFrameworksBuildPhase section */

/* Begin PBXGroup section */
		6A1D295A2C1C6E80005E5932 = {
			isa = PBXGroup;
			children = (
				6A1D29652C1C6E80005E5932 /* swiftsample */,
				6A1D29642C1C6E80005E5932 /* Products */,
			);
			sourceTree = "<group>";
		};
		6A1D29642C1C6E80005E5932 /* Products */ = {
			isa = PBXGroup;
			children = (
				6A1D29632C1C6E80005E5932 /* swiftsample.app */,
			);
			name = Products;
			sourceTree = "<group>";
		};
		6A1D29652C1C6E80005E5932 /* swiftsample */ = {
			isa = PBXGroup;
			children = (
				6A1D29822C1C833A005E5932 /* viewmodel */,
				6A1D29752C1C6F06005E5932 /* screens */,
				6A1D29662C1C6E80005E5932 /* AppMain.swift */,
				6A1D297D2C1C78DA005E5932 /* AppDelegate.swift */,
				6A1D297F2C1C7946005E5932 /* SceneDelegate.swift */,
				6A1D29682C1C6E80005E5932 /* ContentView.swift */,
				6A1D29812C1C7C43005E5932 /* Info.plist */,
				6A1D296A2C1C6E81005E5932 /* Assets.xcassets */,
				6A1D296C2C1C6E81005E5932 /* swiftsample.entitlements */,
				6A1D296D2C1C6E81005E5932 /* Preview Content */,
			);
			path = swiftsample;
			sourceTree = "<group>";
		};
		6A1D296D2C1C6E81005E5932 /* Preview Content */ = {
			isa = PBXGroup;
			children = (
				6A1D296E2C1C6E81005E5932 /* Preview Assets.xcassets */,
			);
			path = "Preview Content";
			sourceTree = "<group>";
		};
		6A1D29752C1C6F06005E5932 /* screens */ = {
			isa = PBXGroup;
			children = (
				6A1D29762C1C6F35005E5932 /* CredentialsView.swift */,
				6A1D29782C1C7007005E5932 /* DevicesView.swift */,
			);
			path = screens;
			sourceTree = "<group>";
		};
		6A1D29822C1C833A005E5932 /* viewmodel */ = {
			isa = PBXGroup;
			children = (
				6A1D29832C1C8367005E5932 /* Device.swift */,
				6A1D29852C1C8398005E5932 /* Devices.swift */,
				6A1D29872C1C842D005E5932 /* Credential.swift */,
			);
			path = viewmodel;
			sourceTree = "<group>";
		};
/* End PBXGroup section */

/* Begin PBXNativeTarget section */
		6A1D29622C1C6E80005E5932 /* swiftsample */ = {
			isa = PBXNativeTarget;
			buildConfigurationList = 6A1D29722C1C6E81005E5932 /* Build configuration list for PBXNativeTarget "swiftsample" */;
			buildPhases = (
				6A1D295F2C1C6E80005E5932 /* Sources */,
				6A1D29602C1C6E80005E5932 /* Frameworks */,
				6A1D29612C1C6E80005E5932 /* Resources */,
			);
			buildRules = (
			);
			dependencies = (
			);
			name = swiftsample;
			packageProductDependencies = (
				6A1D297B2C1C72C3005E5932 /* BlueIDAccessSDK */,
			);
			productName = swiftsample;
			productReference = 6A1D29632C1C6E80005E5932 /* swiftsample.app */;
			productType = "com.apple.product-type.application";
		};
/* End PBXNativeTarget section */

/* Begin PBXProject section */
		6A1D295B2C1C6E80005E5932 /* Project object */ = {
			isa = PBXProject;
			attributes = {
				BuildIndependentTargetsInParallel = 1;
				LastSwiftUpdateCheck = 1540;
				LastUpgradeCheck = 1540;
				TargetAttributes = {
					6A1D29622C1C6E80005E5932 = {
						CreatedOnToolsVersion = 15.4;
					};
				};
			};
			buildConfigurationList = 6A1D295E2C1C6E80005E5932 /* Build configuration list for PBXProject "swiftsample" */;
			compatibilityVersion = "Xcode 14.0";
			developmentRegion = en;
			hasScannedForEncodings = 0;
			knownRegions = (
				en,
				Base,
			);
			mainGroup = 6A1D295A2C1C6E80005E5932;
			packageReferences = (
				6A1D297A2C1C72C3005E5932 /* XCRemoteSwiftPackageReference "BlueIDAccessSDKSwift" */,
			);
			productRefGroup = 6A1D29642C1C6E80005E5932 /* Products */;
			projectDirPath = "";
			projectRoot = "";
			targets = (
				6A1D29622C1C6E80005E5932 /* swiftsample */,
			);
		};
/* End PBXProject section */

/* Begin PBXResourcesBuildPhase section */
		6A1D29612C1C6E80005E5932 /* Resources */ = {
			isa = PBXResourcesBuildPhase;
			buildActionMask = 2147483647;
			files = (
				6A1D296F2C1C6E81005E5932 /* Preview Assets.xcassets in Resources */,
				6A1D296B2C1C6E81005E5932 /* Assets.xcassets in Resources */,
			);
			runOnlyForDeploymentPostprocessing = 0;
		};
/* End PBXResourcesBuildPhase section */

/* Begin PBXSourcesBuildPhase section */
		6A1D295F2C1C6E80005E5932 /* Sources */ = {
			isa = PBXSourcesBuildPhase;
			buildActionMask = 2147483647;
			files = (
				6A1D29692C1C6E80005E5932 /* ContentView.swift in Sources */,
				6A1D29882C1C842D005E5932 /* Credential.swift in Sources */,
				6A1D29672C1C6E80005E5932 /* AppMain.swift in Sources */,
				6A1D29792C1C7007005E5932 /* DevicesView.swift in Sources */,
				6A1D29862C1C8398005E5932 /* Devices.swift in Sources */,
				6A1D297E2C1C78DA005E5932 /* AppDelegate.swift in Sources */,
				6A1D29772C1C6F35005E5932 /* CredentialsView.swift in Sources */,
				6A1D29842C1C8367005E5932 /* Device.swift in Sources */,
				6A1D29802C1C7946005E5932 /* SceneDelegate.swift in Sources */,
			);
			runOnlyForDeploymentPostprocessing = 0;
		};
/* End PBXSourcesBuildPhase section */

/* Begin XCBuildConfiguration section */
		6A1D29702C1C6E81005E5932 /* Debug */ = {
			isa = XCBuildConfiguration;
			buildSettings = {
				ALWAYS_SEARCH_USER_PATHS = NO;
				ASSETCATALOG_COMPILER_GENERATE_SWIFT_ASSET_SYMBOL_EXTENSIONS = YES;
				CLANG_ANALYZER_NONNULL = YES;
				CLANG_ANALYZER_NUMBER_OBJECT_CONVERSION = YES_AGGRESSIVE;
				CLANG_CXX_LANGUAGE_STANDARD = "gnu++20";
				CLANG_ENABLE_MODULES = YES;
				CLANG_ENABLE_OBJC_ARC = YES;
				CLANG_ENABLE_OBJC_WEAK = YES;
				CLANG_WARN_BLOCK_CAPTURE_AUTORELEASING = YES;
				CLANG_WARN_BOOL_CONVERSION = YES;
				CLANG_WARN_COMMA = YES;
				CLANG_WARN_CONSTANT_CONVERSION = YES;
				CLANG_WARN_DEPRECATED_OBJC_IMPLEMENTATIONS = YES;
				CLANG_WARN_DIRECT_OBJC_ISA_USAGE = YES_ERROR;
				CLANG_WARN_DOCUMENTATION_COMMENTS = YES;
				CLANG_WARN_EMPTY_BODY = YES;
				CLANG_WARN_ENUM_CONVERSION = YES;
				CLANG_WARN_INFINITE_RECURSION = YES;
				CLANG_WARN_INT_CONVERSION = YES;
				CLANG_WARN_NON_LITERAL_NULL_CONVERSION = YES;
				CLANG_WARN_OBJC_IMPLICIT_RETAIN_SELF = YES;
				CLANG_WARN_OBJC_LITERAL_CONVERSION = YES;
				CLANG_WARN_OBJC_ROOT_CLASS = YES_ERROR;
				CLANG_WARN_QUOTED_INCLUDE_IN_FRAMEWORK_HEADER = YES;
				CLANG_WARN_RANGE_LOOP_ANALYSIS = YES;
				CLANG_WARN_STRICT_PROTOTYPES = YES;
				CLANG_WARN_SUSPICIOUS_MOVE = YES;
				CLANG_WARN_UNGUARDED_AVAILABILITY = YES_AGGRESSIVE;
				CLANG_WARN_UNREACHABLE_CODE = YES;
				CLANG_WARN__DUPLICATE_METHOD_MATCH = YES;
				COPY_PHASE_STRIP = NO;
				DEBUG_INFORMATION_FORMAT = dwarf;
				ENABLE_STRICT_OBJC_MSGSEND = YES;
				ENABLE_TESTABILITY = YES;
				ENABLE_USER_SCRIPT_SANDBOXING = YES;
				GCC_C_LANGUAGE_STANDARD = gnu17;
				GCC_DYNAMIC_NO_PIC = NO;
				GCC_NO_COMMON_BLOCKS = YES;
				GCC_OPTIMIZATION_LEVEL = 0;
				GCC_PREPROCESSOR_DEFINITIONS = (
					"DEBUG=1",
					"$(inherited)",
				);
				GCC_WARN_64_TO_32_BIT_CONVERSION = YES;
				GCC_WARN_ABOUT_RETURN_TYPE = YES_ERROR;
				GCC_WARN_UNDECLARED_SELECTOR = YES;
				GCC_WARN_UNINITIALIZED_AUTOS = YES_AGGRESSIVE;
				GCC_WARN_UNUSED_FUNCTION = YES;
				GCC_WARN_UNUSED_VARIABLE = YES;
				LOCALIZATION_PREFERS_STRING_CATALOGS = YES;
				MTL_ENABLE_DEBUG_INFO = INCLUDE_SOURCE;
				MTL_FAST_MATH = YES;
				ONLY_ACTIVE_ARCH = YES;
				SWIFT_ACTIVE_COMPILATION_CONDITIONS = "DEBUG $(inherited)";
				SWIFT_OPTIMIZATION_LEVEL = "-Onone";
			};
			name = Debug;
		};
		6A1D29712C1C6E81005E5932 /* Release */ = {
			isa = XCBuildConfiguration;
			buildSettings = {
				ALWAYS_SEARCH_USER_PATHS = NO;
				ASSETCATALOG_COMPILER_GENERATE_SWIFT_ASSET_SYMBOL_EXTENSIONS = YES;
				CLANG_ANALYZER_NONNULL = YES;
				CLANG_ANALYZER_NUMBER_OBJECT_CONVERSION = YES_AGGRESSIVE;
				CLANG_CXX_LANGUAGE_STANDARD = "gnu++20";
				CLANG_ENABLE_MODULES = YES;
				CLANG_ENABLE_OBJC_ARC = YES;
				CLANG_ENABLE_OBJC_WEAK = YES;
				CLANG_WARN_BLOCK_CAPTURE_AUTORELEASING = YES;
				CLANG_WARN_BOOL_CONVERSION = YES;
				CLANG_WARN_COMMA = YES;
				CLANG_WARN_CONSTANT_CONVERSION = YES;
				CLANG_WARN_DEPRECATED_OBJC_IMPLEMENTATIONS = YES;
				CLANG_WARN_DIRECT_OBJC_ISA_USAGE = YES_ERROR;
				CLANG_WARN_DOCUMENTATION_COMMENTS = YES;
				CLANG_WARN_EMPTY_BODY = YES;
				CLANG_WARN_ENUM_CONVERSION = YES;
				CLANG_WARN_INFINITE_RECURSION = YES;
				CLANG_WARN_INT_CONVERSION = YES;
				CLANG_WARN_NON_LITERAL_NULL_CONVERSION = YES;
				CLANG_WARN_OBJC_IMPLICIT_RETAIN_SELF = YES;
				CLANG_WARN_OBJC_LITERAL_CONVERSION = YES;
				CLANG_WARN_OBJC_ROOT_CLASS = YES_ERROR;
				CLANG_WARN_QUOTED_INCLUDE_IN_FRAMEWORK_HEADER = YES;
				CLANG_WARN_RANGE_LOOP_ANALYSIS = YES;
				CLANG_WARN_STRICT_PROTOTYPES = YES;
				CLANG_WARN_SUSPICIOUS_MOVE = YES;
				CLANG_WARN_UNGUARDED_AVAILABILITY = YES_AGGRESSIVE;
				CLANG_WARN_UNREACHABLE_CODE = YES;
				CLANG_WARN__DUPLICATE_METHOD_MATCH = YES;
				COPY_PHASE_STRIP = NO;
				DEBUG_INFORMATION_FORMAT = "dwarf-with-dsym";
				ENABLE_NS_ASSERTIONS = NO;
				ENABLE_STRICT_OBJC_MSGSEND = YES;
				ENABLE_USER_SCRIPT_SANDBOXING = YES;
				GCC_C_LANGUAGE_STANDARD = gnu17;
				GCC_NO_COMMON_BLOCKS = YES;
				GCC_WARN_64_TO_32_BIT_CONVERSION = YES;
				GCC_WARN_ABOUT_RETURN_TYPE = YES_ERROR;
				GCC_WARN_UNDECLARED_SELECTOR = YES;
				GCC_WARN_UNINITIALIZED_AUTOS = YES_AGGRESSIVE;
				GCC_WARN_UNUSED_FUNCTION = YES;
				GCC_WARN_UNUSED_VARIABLE = YES;
				LOCALIZATION_PREFERS_STRING_CATALOGS = YES;
				MTL_ENABLE_DEBUG_INFO = NO;
				MTL_FAST_MATH = YES;
				SWIFT_COMPILATION_MODE = wholemodule;
			};
			name = Release;
		};
		6A1D29732C1C6E81005E5932 /* Debug */ = {
			isa = XCBuildConfiguration;
			buildSettings = {
				ASSETCATALOG_COMPILER_APPICON_NAME = AppIcon;
				ASSETCATALOG_COMPILER_GLOBAL_ACCENT_COLOR_NAME = AccentColor;
				CODE_SIGN_ENTITLEMENTS = swiftsample/swiftsample.entitlements;
				CODE_SIGN_STYLE = Automatic;
				CURRENT_PROJECT_VERSION = 1;
				DEVELOPMENT_ASSET_PATHS = "\"swiftsample/Preview Content\"";
				DEVELOPMENT_TEAM = CEFQKQ56WD;
				ENABLE_PREVIEWS = YES;
				GENERATE_INFOPLIST_FILE = YES;
				INFOPLIST_FILE = swiftsample/Info.plist;
				INFOPLIST_KEY_NSBluetoothAlwaysUsageDescription = "Required to scan BLE Devices";
				INFOPLIST_KEY_NSLocationAlwaysAndWhenInUseUsageDescription = "Required to scan BLE Devices in background";
				INFOPLIST_KEY_NSLocationAlwaysUsageDescription = "Required to scan BLE Devices in background";
				INFOPLIST_KEY_NSLocationWhenInUseUsageDescription = "Required to scan BLE Devices";
				"INFOPLIST_KEY_UIApplicationSceneManifest_Generation[sdk=iphoneos*]" = YES;
				"INFOPLIST_KEY_UIApplicationSceneManifest_Generation[sdk=iphonesimulator*]" = YES;
				"INFOPLIST_KEY_UIApplicationSupportsIndirectInputEvents[sdk=iphoneos*]" = YES;
				"INFOPLIST_KEY_UIApplicationSupportsIndirectInputEvents[sdk=iphonesimulator*]" = YES;
				"INFOPLIST_KEY_UILaunchScreen_Generation[sdk=iphoneos*]" = YES;
				"INFOPLIST_KEY_UILaunchScreen_Generation[sdk=iphonesimulator*]" = YES;
				"INFOPLIST_KEY_UIStatusBarStyle[sdk=iphoneos*]" = UIStatusBarStyleDefault;
				"INFOPLIST_KEY_UIStatusBarStyle[sdk=iphonesimulator*]" = UIStatusBarStyleDefault;
				INFOPLIST_KEY_UISupportedInterfaceOrientations_iPad = "UIInterfaceOrientationPortrait UIInterfaceOrientationPortraitUpsideDown UIInterfaceOrientationLandscapeLeft UIInterfaceOrientationLandscapeRight";
				INFOPLIST_KEY_UISupportedInterfaceOrientations_iPhone = "UIInterfaceOrientationPortrait UIInterfaceOrientationLandscapeLeft UIInterfaceOrientationLandscapeRight";
				IPHONEOS_DEPLOYMENT_TARGET = 16.0;
				LD_RUNPATH_SEARCH_PATHS = "@executable_path/Frameworks";
				"LD_RUNPATH_SEARCH_PATHS[sdk=macosx*]" = "@executable_path/../Frameworks";
				MACOSX_DEPLOYMENT_TARGET = 13.0;
				MARKETING_VERSION = 1.0;
				PRODUCT_BUNDLE_IDENTIFIER = com.example.blueid.swiftsample;
				PRODUCT_NAME = "$(TARGET_NAME)";
				SDKROOT = auto;
				SUPPORTED_PLATFORMS = "iphoneos iphonesimulator macosx";
				SWIFT_EMIT_LOC_STRINGS = YES;
				SWIFT_VERSION = 5.0;
				TARGETED_DEVICE_FAMILY = "1,2";
			};
			name = Debug;
		};
		6A1D29742C1C6E81005E5932 /* Release */ = {
			isa = XCBuildConfiguration;
			buildSettings = {
				ASSETCATALOG_COMPILER_APPICON_NAME = AppIcon;
				ASSETCATALOG_COMPILER_GLOBAL_ACCENT_COLOR_NAME = AccentColor;
				CODE_SIGN_ENTITLEMENTS = swiftsample/swiftsample.entitlements;
				CODE_SIGN_STYLE = Automatic;
				CURRENT_PROJECT_VERSION = 1;
				DEVELOPMENT_ASSET_PATHS = "\"swiftsample/Preview Content\"";
				DEVELOPMENT_TEAM = CEFQKQ56WD;
				ENABLE_PREVIEWS = YES;
				GENERATE_INFOPLIST_FILE = YES;
				INFOPLIST_FILE = swiftsample/Info.plist;
				INFOPLIST_KEY_NSBluetoothAlwaysUsageDescription = "Required to scan BLE Devices";
				INFOPLIST_KEY_NSLocationAlwaysAndWhenInUseUsageDescription = "Required to scan BLE Devices in background";
				INFOPLIST_KEY_NSLocationAlwaysUsageDescription = "Required to scan BLE Devices in background";
				INFOPLIST_KEY_NSLocationWhenInUseUsageDescription = "Required to scan BLE Devices";
				"INFOPLIST_KEY_UIApplicationSceneManifest_Generation[sdk=iphoneos*]" = YES;
				"INFOPLIST_KEY_UIApplicationSceneManifest_Generation[sdk=iphonesimulator*]" = YES;
				"INFOPLIST_KEY_UIApplicationSupportsIndirectInputEvents[sdk=iphoneos*]" = YES;
				"INFOPLIST_KEY_UIApplicationSupportsIndirectInputEvents[sdk=iphonesimulator*]" = YES;
				"INFOPLIST_KEY_UILaunchScreen_Generation[sdk=iphoneos*]" = YES;
				"INFOPLIST_KEY_UILaunchScreen_Generation[sdk=iphonesimulator*]" = YES;
				"INFOPLIST_KEY_UIStatusBarStyle[sdk=iphoneos*]" = UIStatusBarStyleDefault;
				"INFOPLIST_KEY_UIStatusBarStyle[sdk=iphonesimulator*]" = UIStatusBarStyleDefault;
				INFOPLIST_KEY_UISupportedInterfaceOrientations_iPad = "UIInterfaceOrientationPortrait UIInterfaceOrientationPortraitUpsideDown UIInterfaceOrientationLandscapeLeft UIInterfaceOrientationLandscapeRight";
				INFOPLIST_KEY_UISupportedInterfaceOrientations_iPhone = "UIInterfaceOrientationPortrait UIInterfaceOrientationLandscapeLeft UIInterfaceOrientationLandscapeRight";
				IPHONEOS_DEPLOYMENT_TARGET = 16.0;
				LD_RUNPATH_SEARCH_PATHS = "@executable_path/Frameworks";
				"LD_RUNPATH_SEARCH_PATHS[sdk=macosx*]" = "@executable_path/../Frameworks";
				MACOSX_DEPLOYMENT_TARGET = 13.0;
				MARKETING_VERSION = 1.0;
				PRODUCT_BUNDLE_IDENTIFIER = com.example.blueid.swiftsample;
				PRODUCT_NAME = "$(TARGET_NAME)";
				SDKROOT = auto;
				SUPPORTED_PLATFORMS = "iphoneos iphonesimulator macosx";
				SWIFT_EMIT_LOC_STRINGS = YES;
				SWIFT_VERSION = 5.0;
				TARGETED_DEVICE_FAMILY = "1,2";
			};
			name = Release;
		};
/* End XCBuildConfiguration section */

/* Begin XCConfigurationList section */
		6A1D295E2C1C6E80005E5932 /* Build configuration list for PBXProject "swiftsample" */ = {
			isa = XCConfigurationList;
			buildConfigurations = (
				6A1D29702C1C6E81005E5932 /* Debug */,
				6A1D29712C1C6E81005E5932 /* Release */,
			);
			defaultConfigurationIsVisible = 0;
			defaultConfigurationName = Release;
		};
		6A1D29722C1C6E81005E5932 /* Build configuration list for PBXNativeTarget "swiftsample" */ = {
			isa = XCConfigurationList;
			buildConfigurations = (
				6A1D29732C1C6E81005E5932 /* Debug */,
				6A1D29742C1C6E81005E5932 /* Release */,
			);
			defaultConfigurationIsVisible = 0;
			defaultConfigurationName = Release;
		};
/* End XCConfigurationList section */

/* Begin XCRemoteSwiftPackageReference section */
		6A1D297A2C1C72C3005E5932 /* XCRemoteSwiftPackageReference "BlueIDAccessSDKSwift" */ = {
			isa = XCRemoteSwiftPackageReference;
			repositoryURL = "https://github.com/blueidhq/BlueIDAccessSDKSwift";
			requirement = {
				kind = upToNextMajorVersion;
				minimumVersion = 1.68.0;
			};
		};
/* End XCRemoteSwiftPackageReference section */

/* Begin XCSwiftPackageProductDependency section */
		6A1D297B2C1C72C3005E5932 /* BlueIDAccessSDK */ = {
			isa = XCSwiftPackageProductDependency;
			package = 6A1D297A2C1C72C3005E5932 /* XCRemoteSwiftPackageReference "BlueIDAccessSDKSwift" */;
			productName = BlueIDAccessSDK;
		};
/* End XCSwiftPackageProductDependency section */
	};
	rootObject = 6A1D295B2C1C6E80005E5932 /* Project object */;
}
